
Microsoft Visual Studio Solution File, Format Version 12.00
# Visual Studio Version 17
VisualStudioVersion = 17.6.33829.357
MinimumVisualStudioVersion = 10.0.40219.1
Project("{FAE04EC0-301F-11D3-BF4B-00C04F79EFBC}") = "Book_EF", "Book_EF\Book_EF.csproj", "{CBA3D2AC-090C-48ED-9327-7A3F4A12CC69}"
EndProject
Global
	GlobalSection(SolutionConfigurationPlatforms) = preSolution
		Debug|Any CPU = Debug|Any CPU
		Release|Any CPU = Release|Any CPU
	EndGlobalSection
	GlobalSection(ProjectConfigurationPlatforms) = postSolution
		{CBA3D2AC-090C-48ED-9327-7A3F4A12CC69}.Debug|Any CPU.ActiveCfg = Debug|Any CPU
		{CBA3D2AC-090C-48ED-9327-7A3F4A12CC69}.Debug|Any CPU.Build.0 = Debug|Any CPU
		{CBA3D2AC-090C-48ED-9327-7A3F4A12CC69}.Release|Any CPU.ActiveCfg = Release|Any CPU
		{CBA3D2AC-090C-48ED-9327-7A3F4A12CC69}.Release|Any CPU.Build.0 = Release|Any CPU
	EndGlobalSection
	GlobalSection(SolutionProperties) = preSolution
		HideSolutionNode = FALSE
	EndGlobalSection
	GlobalSection(ExtensibilityGlobals) = postSolution
		SolutionGuid = {1E4D8F9A-2D1E-40FA-9DFF-44221DDD6340}
	EndGlobalSection
EndGlobal
